
Microsoft Visual Studio Solution File, Format Version 12.00
# Visual Studio Version 17
VisualStudioVersion = 17.9.34723.18
MinimumVisualStudioVersion = 10.0.40219.1
Project("{F184B08F-C81C-45F6-A57F-5ABD9991F28F}") = "prueba2", "prueba2\prueba2.vbproj", "{6AFB24C8-739E-4A00-BD55-8575C0BC8D51}"
EndProject
Global
	GlobalSection(SolutionConfigurationPlatforms) = preSolution
		Debug|Any CPU = Debug|Any CPU
		Release|Any CPU = Release|Any CPU
	EndGlobalSection
	GlobalSection(ProjectConfigurationPlatforms) = postSolution
		{6AFB24C8-739E-4A00-BD55-8575C0BC8D51}.Debug|Any CPU.ActiveCfg = Debug|Any CPU
		{6AFB24C8-739E-4A00-BD55-8575C0BC8D51}.Debug|Any CPU.Build.0 = Debug|Any CPU
		{6AFB24C8-739E-4A00-BD55-8575C0BC8D51}.Release|Any CPU.ActiveCfg = Release|Any CPU
		{6AFB24C8-739E-4A00-BD55-8575C0BC8D51}.Release|Any CPU.Build.0 = Release|Any CPU
	EndGlobalSection
	GlobalSection(SolutionProperties) = preSolution
		HideSolutionNode = FALSE
	EndGlobalSection
	GlobalSection(ExtensibilityGlobals) = postSolution
		SolutionGuid = {BB265594-D7FD-4677-A2FB-3B87876F0749}
	EndGlobalSection
EndGlobal
